# This file is automatically @generated by Cargo.
# It is not intended for manual editing.
version = 3

[[package]]
name = "cal_dav_fast"
version = "0.1.0"
dependencies = [
 "ddi",
 "dotenv",
]

[[package]]
name = "ddi"
version = "0.2.1"
source = "registry+https://github.com/rust-lang/crates.io-index"
checksum = "d75849e49ab895e10c1a150908983f11d925693aee2c393ac184bca7addaa7ed"

[[package]]
name = "dotenv"
version = "0.15.0"
source = "registry+https://github.com/rust-lang/crates.io-index"
checksum = "77c90badedccf4105eca100756a0b1289e191f6fcbdadd3cee1d2f614f97da8f"
