# This file is automatically @generated by Cargo.
# It is not intended for manual editing.
version = 3

[[package]]
name = "cal_dav_fast"
version = "0.1.0"
dependencies = [
 "ddi",
 "dotenv",
 "factori",
]

[[package]]
name = "ddi"
version = "0.2.1"
source = "registry+https://github.com/rust-lang/crates.io-index"
checksum = "d75849e49ab895e10c1a150908983f11d925693aee2c393ac184bca7addaa7ed"

[[package]]
name = "dotenv"
version = "0.15.0"
source = "registry+https://github.com/rust-lang/crates.io-index"
checksum = "77c90badedccf4105eca100756a0b1289e191f6fcbdadd3cee1d2f614f97da8f"

[[package]]
name = "factori"
version = "1.1.0"
source = "registry+https://github.com/rust-lang/crates.io-index"
checksum = "4ff6b50917609e530c145de1c6aa8df9c38c40562375e8aa5eeaaf6c737a0b31"
dependencies = [
 "factori-impl",
]

[[package]]
name = "factori-impl"
version = "1.1.0"
source = "registry+https://github.com/rust-lang/crates.io-index"
checksum = "6d6344ded92b0a4a1d90a816632f7ff2a12e01401d325d6295810dacca1dbdd6"
dependencies = [
 "proc-macro2",
 "quote",
 "syn",
]

[[package]]
name = "proc-macro2"
version = "1.0.54"
source = "registry+https://github.com/rust-lang/crates.io-index"
checksum = "e472a104799c74b514a57226160104aa483546de37e839ec50e3c2e41dd87534"
dependencies = [
 "unicode-ident",
]

[[package]]
name = "quote"
version = "1.0.26"
source = "registry+https://github.com/rust-lang/crates.io-index"
checksum = "4424af4bf778aae2051a77b60283332f386554255d722233d09fbfc7e30da2fc"
dependencies = [
 "proc-macro2",
]

[[package]]
name = "syn"
version = "1.0.109"
source = "registry+https://github.com/rust-lang/crates.io-index"
checksum = "72b64191b275b66ffe2469e8af2c1cfe3bafa67b529ead792a6d0160888b4237"
dependencies = [
 "proc-macro2",
 "quote",
 "unicode-ident",
]

[[package]]
name = "unicode-ident"
version = "1.0.8"
source = "registry+https://github.com/rust-lang/crates.io-index"
checksum = "e5464a87b239f13a63a501f2701565754bae92d243d4bb7eb12f6d57d2269bf4"
